// !$*UTF8*$!
{
	archiveVersion = 1;
	classes = {
	};
	objectVersion = 77;
	objects = {

/* Begin PBXBuildFile section */
		45B5A3EFF8C3A6E2446725B4 /* Pods_MoviePickerAppTests.framework in Frameworks */ = {isa = PBXBuildFile; fileRef = 976E41A02C3B09139F9B8BEB /* Pods_MoviePickerAppTests.framework */; };
		4DA66F6AA242211A81D77447 /* Pods_MoviePickerAppUITests.framework in Frameworks */ = {isa = PBXBuildFile; fileRef = 07A67443942641B75618FF9C /* Pods_MoviePickerAppUITests.framework */; };
		DBD754EDBEFC12DBCF46FDA0 /* Pods_MoviePickerApp.framework in Frameworks */ = {isa = PBXBuildFile; fileRef = 96315409AF950E60E7404531 /* Pods_MoviePickerApp.framework */; };
/* End PBXBuildFile section */

/* Begin PBXContainerItemProxy section */
		481D47892EC05FF20050F77E /* PBXContainerItemProxy */ = {
			isa = PBXContainerItemProxy;
			containerPortal = 481D47712EC05FF10050F77E /* Project object */;
			proxyType = 1;
			remoteGlobalIDString = 481D47782EC05FF10050F77E;
			remoteInfo = MoviePickerApp;
		};
		481D47932EC05FF20050F77E /* PBXContainerItemProxy */ = {
			isa = PBXContainerItemProxy;
			containerPortal = 481D47712EC05FF10050F77E /* Project object */;
			proxyType = 1;
			remoteGlobalIDString = 481D47782EC05FF10050F77E;
			remoteInfo = MoviePickerApp;
		};
/* End PBXContainerItemProxy section */

/* Begin PBXFileReference section */
		07A67443942641B75618FF9C /* Pods_MoviePickerAppUITests.framework */ = {isa = PBXFileReference; explicitFileType = wrapper.framework; includeInIndex = 0; path = Pods_MoviePickerAppUITests.framework; sourceTree = BUILT_PRODUCTS_DIR; };
		0B9858141927D1C23B2E88DD /* Pods-MoviePickerAppUITests.release.xcconfig */ = {isa = PBXFileReference; includeInIndex = 1; lastKnownFileType = text.xcconfig; name = "Pods-MoviePickerAppUITests.release.xcconfig"; path = "Target Support Files/Pods-MoviePickerAppUITests/Pods-MoviePickerAppUITests.release.xcconfig"; sourceTree = "<group>"; };
		200CB4F1E15D62B74DED7439 /* Pods-MoviePickerAppUITests.debug.xcconfig */ = {isa = PBXFileReference; includeInIndex = 1; lastKnownFileType = text.xcconfig; name = "Pods-MoviePickerAppUITests.debug.xcconfig"; path = "Target Support Files/Pods-MoviePickerAppUITests/Pods-MoviePickerAppUITests.debug.xcconfig"; sourceTree = "<group>"; };
		481D47792EC05FF10050F77E /* MoviePickerApp.app */ = {isa = PBXFileReference; explicitFileType = wrapper.application; includeInIndex = 0; path = MoviePickerApp.app; sourceTree = BUILT_PRODUCTS_DIR; };
		481D47882EC05FF20050F77E /* MoviePickerAppTests.xctest */ = {isa = PBXFileReference; explicitFileType = wrapper.cfbundle; includeInIndex = 0; path = MoviePickerAppTests.xctest; sourceTree = BUILT_PRODUCTS_DIR; };
		481D47922EC05FF20050F77E /* MoviePickerAppUITests.xctest */ = {isa = PBXFileReference; explicitFileType = wrapper.cfbundle; includeInIndex = 0; path = MoviePickerAppUITests.xctest; sourceTree = BUILT_PRODUCTS_DIR; };
		612643C05E774FEE5257F42A /* Pods-MoviePickerApp.debug.xcconfig */ = {isa = PBXFileReference; includeInIndex = 1; lastKnownFileType = text.xcconfig; name = "Pods-MoviePickerApp.debug.xcconfig"; path = "Target Support Files/Pods-MoviePickerApp/Pods-MoviePickerApp.debug.xcconfig"; sourceTree = "<group>"; };
		95B57F8C0898CD43C5C7598D /* Pods-MoviePickerAppTests.release.xcconfig */ = {isa = PBXFileReference; includeInIndex = 1; lastKnownFileType = text.xcconfig; name = "Pods-MoviePickerAppTests.release.xcconfig"; path = "Target Support Files/Pods-MoviePickerAppTests/Pods-MoviePickerAppTests.release.xcconfig"; sourceTree = "<group>"; };
		96315409AF950E60E7404531 /* Pods_MoviePickerApp.framework */ = {isa = PBXFileReference; explicitFileType = wrapper.framework; includeInIndex = 0; path = Pods_MoviePickerApp.framework; sourceTree = BUILT_PRODUCTS_DIR; };
		976E41A02C3B09139F9B8BEB /* Pods_MoviePickerAppTests.framework */ = {isa = PBXFileReference; explicitFileType = wrapper.framework; includeInIndex = 0; path = Pods_MoviePickerAppTests.framework; sourceTree = BUILT_PRODUCTS_DIR; };
		A8F1351B4A95F7F7332E8571 /* Pods-MoviePickerAppTests.debug.xcconfig */ = {isa = PBXFileReference; includeInIndex = 1; lastKnownFileType = text.xcconfig; name = "Pods-MoviePickerAppTests.debug.xcconfig"; path = "Target Support Files/Pods-MoviePickerAppTests/Pods-MoviePickerAppTests.debug.xcconfig"; sourceTree = "<group>"; };
		CFF8264B38FD32E78E4C3C57 /* Pods-MoviePickerApp.release.xcconfig */ = {isa = PBXFileReference; includeInIndex = 1; lastKnownFileType = text.xcconfig; name = "Pods-MoviePickerApp.release.xcconfig"; path = "Target Support Files/Pods-MoviePickerApp/Pods-MoviePickerApp.release.xcconfig"; sourceTree = "<group>"; };
/* End PBXFileReference section */

/* Begin PBXFileSystemSynchronizedRootGroup section */
		481D477B2EC05FF10050F77E /* MoviePickerApp */ = {
			isa = PBXFileSystemSynchronizedRootGroup;
			exceptions = (
			);
			path = MoviePickerApp;
			sourceTree = "<group>";
		};
		481D478B2EC05FF20050F77E /* MoviePickerAppTests */ = {
			isa = PBXFileSystemSynchronizedRootGroup;
			exceptions = (
			);
			path = MoviePickerAppTests;
			sourceTree = "<group>";
		};
		481D47952EC05FF20050F77E /* MoviePickerAppUITests */ = {
			isa = PBXFileSystemSynchronizedRootGroup;
			exceptions = (
			);
			path = MoviePickerAppUITests;
			sourceTree = "<group>";
		};
/* End PBXFileSystemSynchronizedRootGroup section */

/* Begin PBXFrameworksBuildPhase section */
		481D47762EC05FF10050F77E /* Frameworks */ = {
			isa = PBXFrameworksBuildPhase;
			buildActionMask = 2147483647;
			files = (
				DBD754EDBEFC12DBCF46FDA0 /* Pods_MoviePickerApp.framework in Frameworks */,
			);
			runOnlyForDeploymentPostprocessing = 0;
		};
		481D47852EC05FF20050F77E /* Frameworks */ = {
			isa = PBXFrameworksBuildPhase;
			buildActionMask = 2147483647;
			files = (
				45B5A3EFF8C3A6E2446725B4 /* Pods_MoviePickerAppTests.framework in Frameworks */,
			);
			runOnlyForDeploymentPostprocessing = 0;
		};
		481D478F2EC05FF20050F77E /* Frameworks */ = {
			isa = PBXFrameworksBuildPhase;
			buildActionMask = 2147483647;
			files = (
				4DA66F6AA242211A81D77447 /* Pods_MoviePickerAppUITests.framework in Frameworks */,
			);
			runOnlyForDeploymentPostprocessing = 0;
		};
/* End PBXFrameworksBuildPhase section */

/* Begin PBXGroup section */
		481D47702EC05FF10050F77E = {
			isa = PBXGroup;
			children = (
				481D477B2EC05FF10050F77E /* MoviePickerApp */,
				481D478B2EC05FF20050F77E /* MoviePickerAppTests */,
				481D47952EC05FF20050F77E /* MoviePickerAppUITests */,
				481D477A2EC05FF10050F77E /* Products */,
				9DBE73CBD314692EC7DF7AC3 /* Pods */,
				B4CD562DF36C0988A476535D /* Frameworks */,
			);
			sourceTree = "<group>";
		};
		481D477A2EC05FF10050F77E /* Products */ = {
			isa = PBXGroup;
			children = (
				481D47792EC05FF10050F77E /* MoviePickerApp.app */,
				481D47882EC05FF20050F77E /* MoviePickerAppTests.xctest */,
				481D47922EC05FF20050F77E /* MoviePickerAppUITests.xctest */,
			);
			name = Products;
			sourceTree = "<group>";
		};
		9DBE73CBD314692EC7DF7AC3 /* Pods */ = {
			isa = PBXGroup;
			children = (
				612643C05E774FEE5257F42A /* Pods-MoviePickerApp.debug.xcconfig */,
				CFF8264B38FD32E78E4C3C57 /* Pods-MoviePickerApp.release.xcconfig */,
				A8F1351B4A95F7F7332E8571 /* Pods-MoviePickerAppTests.debug.xcconfig */,
				95B57F8C0898CD43C5C7598D /* Pods-MoviePickerAppTests.release.xcconfig */,
				200CB4F1E15D62B74DED7439 /* Pods-MoviePickerAppUITests.debug.xcconfig */,
				0B9858141927D1C23B2E88DD /* Pods-MoviePickerAppUITests.release.xcconfig */,
			);
			name = Pods;
			path = Pods;
			sourceTree = "<group>";
		};
		B4CD562DF36C0988A476535D /* Frameworks */ = {
			isa = PBXGroup;
			children = (
				96315409AF950E60E7404531 /* Pods_MoviePickerApp.framework */,
				976E41A02C3B09139F9B8BEB /* Pods_MoviePickerAppTests.framework */,
				07A67443942641B75618FF9C /* Pods_MoviePickerAppUITests.framework */,
			);
			name = Frameworks;
			sourceTree = "<group>";
		};
/* End PBXGroup section */

/* Begin PBXNativeTarget section */
		481D47782EC05FF10050F77E /* MoviePickerApp */ = {
			isa = PBXNativeTarget;
			buildConfigurationList = 481D479C2EC05FF20050F77E /* Build configuration list for PBXNativeTarget "MoviePickerApp" */;
			buildPhases = (
				357B48035162569FDAB527FF /* [CP] Check Pods Manifest.lock */,
				481D47752EC05FF10050F77E /* Sources */,
				481D47762EC05FF10050F77E /* Frameworks */,
				481D47772EC05FF10050F77E /* Resources */,
				0CD2365B9BE2351A2F8A0F38 /* [CP] Embed Pods Frameworks */,
			);
			buildRules = (
			);
			dependencies = (
			);
			fileSystemSynchronizedGroups = (
				481D477B2EC05FF10050F77E /* MoviePickerApp */,
			);
			name = MoviePickerApp;
			productName = MoviePickerApp;
			productReference = 481D47792EC05FF10050F77E /* MoviePickerApp.app */;
			productType = "com.apple.product-type.application";
		};
		481D47872EC05FF20050F77E /* MoviePickerAppTests */ = {
			isa = PBXNativeTarget;
			buildConfigurationList = 481D479F2EC05FF20050F77E /* Build configuration list for PBXNativeTarget "MoviePickerAppTests" */;
			buildPhases = (
				0A10A7C7E1279ADC251B2647 /* [CP] Check Pods Manifest.lock */,
				481D47842EC05FF20050F77E /* Sources */,
				481D47852EC05FF20050F77E /* Frameworks */,
				481D47862EC05FF20050F77E /* Resources */,
				FD7320E41D3332D2749BC4B7 /* [CP] Embed Pods Frameworks */,
			);
			buildRules = (
			);
			dependencies = (
				481D478A2EC05FF20050F77E /* PBXTargetDependency */,
			);
			fileSystemSynchronizedGroups = (
				481D478B2EC05FF20050F77E /* MoviePickerAppTests */,
			);
			name = MoviePickerAppTests;
			productName = MoviePickerAppTests;
			productReference = 481D47882EC05FF20050F77E /* MoviePickerAppTests.xctest */;
			productType = "com.apple.product-type.bundle.unit-test";
		};
		481D47912EC05FF20050F77E /* MoviePickerAppUITests */ = {
			isa = PBXNativeTarget;
			buildConfigurationList = 481D47A22EC05FF20050F77E /* Build configuration list for PBXNativeTarget "MoviePickerAppUITests" */;
			buildPhases = (
				C2DF9F37067B2E076F1D707F /* [CP] Check Pods Manifest.lock */,
				481D478E2EC05FF20050F77E /* Sources */,
				481D478F2EC05FF20050F77E /* Frameworks */,
				481D47902EC05FF20050F77E /* Resources */,
			);
			buildRules = (
			);
			dependencies = (
				481D47942EC05FF20050F77E /* PBXTargetDependency */,
			);
			fileSystemSynchronizedGroups = (
				481D47952EC05FF20050F77E /* MoviePickerAppUITests */,
			);
			name = MoviePickerAppUITests;
			productName = MoviePickerAppUITests;
			productReference = 481D47922EC05FF20050F77E /* MoviePickerAppUITests.xctest */;
			productType = "com.apple.product-type.bundle.ui-testing";
		};
/* End PBXNativeTarget section */

/* Begin PBXProject section */
		481D47712EC05FF10050F77E /* Project object */ = {
			isa = PBXProject;
			attributes = {
				BuildIndependentTargetsInParallel = 1;
				LastSwiftUpdateCheck = 1630;
				LastUpgradeCheck = 1630;
				TargetAttributes = {
					481D47782EC05FF10050F77E = {
						CreatedOnToolsVersion = 16.3;
					};
					481D47872EC05FF20050F77E = {
						CreatedOnToolsVersion = 16.3;
						TestTargetID = 481D47782EC05FF10050F77E;
					};
					481D47912EC05FF20050F77E = {
						CreatedOnToolsVersion = 16.3;
						TestTargetID = 481D47782EC05FF10050F77E;
					};
				};
			};
			buildConfigurationList = 481D47742EC05FF10050F77E /* Build configuration list for PBXProject "MoviePickerApp" */;
			developmentRegion = en;
			hasScannedForEncodings = 0;
			knownRegions = (
				en,
				Base,
			);
			mainGroup = 481D47702EC05FF10050F77E;
			minimizedProjectReferenceProxies = 1;
			preferredProjectObjectVersion = 77;
			productRefGroup = 481D477A2EC05FF10050F77E /* Products */;
			projectDirPath = "";
			projectRoot = "";
			targets = (
				481D47782EC05FF10050F77E /* MoviePickerApp */,
				481D47872EC05FF20050F77E /* MoviePickerAppTests */,
				481D47912EC05FF20050F77E /* MoviePickerAppUITests */,
			);
		};
/* End PBXProject section */

/* Begin PBXResourcesBuildPhase section */
		481D47772EC05FF10050F77E /* Resources */ = {
			isa = PBXResourcesBuildPhase;
			buildActionMask = 2147483647;
			files = (
			);
			runOnlyForDeploymentPostprocessing = 0;
		};
		481D47862EC05FF20050F77E /* Resources */ = {
			isa = PBXResourcesBuildPhase;
			buildActionMask = 2147483647;
			files = (
			);
			runOnlyForDeploymentPostprocessing = 0;
		};
		481D47902EC05FF20050F77E /* Resources */ = {
			isa = PBXResourcesBuildPhase;
			buildActionMask = 2147483647;
			files = (
			);
			runOnlyForDeploymentPostprocessing = 0;
		};
/* End PBXResourcesBuildPhase section */

/* Begin PBXShellScriptBuildPhase section */
		0A10A7C7E1279ADC251B2647 /* [CP] Check Pods Manifest.lock */ = {
			isa = PBXShellScriptBuildPhase;
			buildActionMask = 2147483647;
			files = (
			);
			inputFileListPaths = (
			);
			inputPaths = (
				"${PODS_PODFILE_DIR_PATH}/Podfile.lock",
				"${PODS_ROOT}/Manifest.lock",
			);
			name = "[CP] Check Pods Manifest.lock";
			outputFileListPaths = (
			);
			outputPaths = (
				"$(DERIVED_FILE_DIR)/Pods-MoviePickerAppTests-checkManifestLockResult.txt",
			);
			runOnlyForDeploymentPostprocessing = 0;
			shellPath = /bin/sh;
			shellScript = "diff \"${PODS_PODFILE_DIR_PATH}/Podfile.lock\" \"${PODS_ROOT}/Manifest.lock\" > /dev/null\nif [ $? != 0 ] ; then\n    # print error to STDERR\n    echo \"error: The sandbox is not in sync with the Podfile.lock. Run 'pod install' or update your CocoaPods installation.\" >&2\n    exit 1\nfi\n# This output is used by Xcode 'outputs' to avoid re-running this script phase.\necho \"SUCCESS\" > \"${SCRIPT_OUTPUT_FILE_0}\"\n";
			showEnvVarsInLog = 0;
		};
		0CD2365B9BE2351A2F8A0F38 /* [CP] Embed Pods Frameworks */ = {
			isa = PBXShellScriptBuildPhase;
			buildActionMask = 2147483647;
			files = (
			);
			inputFileListPaths = (
				"${PODS_ROOT}/Target Support Files/Pods-MoviePickerApp/Pods-MoviePickerApp-frameworks-${CONFIGURATION}-input-files.xcfilelist",
			);
			name = "[CP] Embed Pods Frameworks";
			outputFileListPaths = (
				"${PODS_ROOT}/Target Support Files/Pods-MoviePickerApp/Pods-MoviePickerApp-frameworks-${CONFIGURATION}-output-files.xcfilelist",
			);
			runOnlyForDeploymentPostprocessing = 0;
			shellPath = /bin/sh;
			shellScript = "\"${PODS_ROOT}/Target Support Files/Pods-MoviePickerApp/Pods-MoviePickerApp-frameworks.sh\"\n";
			showEnvVarsInLog = 0;
		};
		357B48035162569FDAB527FF /* [CP] Check Pods Manifest.lock */ = {
			isa = PBXShellScriptBuildPhase;
			buildActionMask = 2147483647;
			files = (
			);
			inputFileListPaths = (
			);
			inputPaths = (
				"${PODS_PODFILE_DIR_PATH}/Podfile.lock",
				"${PODS_ROOT}/Manifest.lock",
			);
			name = "[CP] Check Pods Manifest.lock";
			outputFileListPaths = (
			);
			outputPaths = (
				"$(DERIVED_FILE_DIR)/Pods-MoviePickerApp-checkManifestLockResult.txt",
			);
			runOnlyForDeploymentPostprocessing = 0;
			shellPath = /bin/sh;
			shellScript = "diff \"${PODS_PODFILE_DIR_PATH}/Podfile.lock\" \"${PODS_ROOT}/Manifest.lock\" > /dev/null\nif [ $? != 0 ] ; then\n    # print error to STDERR\n    echo \"error: The sandbox is not in sync with the Podfile.lock. Run 'pod install' or update your CocoaPods installation.\" >&2\n    exit 1\nfi\n# This output is used by Xcode 'outputs' to avoid re-running this script phase.\necho \"SUCCESS\" > \"${SCRIPT_OUTPUT_FILE_0}\"\n";
			showEnvVarsInLog = 0;
		};
		C2DF9F37067B2E076F1D707F /* [CP] Check Pods Manifest.lock */ = {
			isa = PBXShellScriptBuildPhase;
			buildActionMask = 2147483647;
			files = (
			);
			inputFileListPaths = (
			);
			inputPaths = (
				"${PODS_PODFILE_DIR_PATH}/Podfile.lock",
				"${PODS_ROOT}/Manifest.lock",
			);
			name = "[CP] Check Pods Manifest.lock";
			outputFileListPaths = (
			);
			outputPaths = (
				"$(DERIVED_FILE_DIR)/Pods-MoviePickerAppUITests-checkManifestLockResult.txt",
			);
			runOnlyForDeploymentPostprocessing = 0;
			shellPath = /bin/sh;
			shellScript = "diff \"${PODS_PODFILE_DIR_PATH}/Podfile.lock\" \"${PODS_ROOT}/Manifest.lock\" > /dev/null\nif [ $? != 0 ] ; then\n    # print error to STDERR\n    echo \"error: The sandbox is not in sync with the Podfile.lock. Run 'pod install' or update your CocoaPods installation.\" >&2\n    exit 1\nfi\n# This output is used by Xcode 'outputs' to avoid re-running this script phase.\necho \"SUCCESS\" > \"${SCRIPT_OUTPUT_FILE_0}\"\n";
			showEnvVarsInLog = 0;
		};
		FD7320E41D3332D2749BC4B7 /* [CP] Embed Pods Frameworks */ = {
			isa = PBXShellScriptBuildPhase;
			buildActionMask = 2147483647;
			files = (
			);
			inputFileListPaths = (
				"${PODS_ROOT}/Target Support Files/Pods-MoviePickerAppTests/Pods-MoviePickerAppTests-frameworks-${CONFIGURATION}-input-files.xcfilelist",
			);
			name = "[CP] Embed Pods Frameworks";
			outputFileListPaths = (
				"${PODS_ROOT}/Target Support Files/Pods-MoviePickerAppTests/Pods-MoviePickerAppTests-frameworks-${CONFIGURATION}-output-files.xcfilelist",
			);
			runOnlyForDeploymentPostprocessing = 0;
			shellPath = /bin/sh;
			shellScript = "\"${PODS_ROOT}/Target Support Files/Pods-MoviePickerAppTests/Pods-MoviePickerAppTests-frameworks.sh\"\n";
			showEnvVarsInLog = 0;
		};
/* End PBXShellScriptBuildPhase section */

/* Begin PBXSourcesBuildPhase section */
		481D47752EC05FF10050F77E /* Sources */ = {
			isa = PBXSourcesBuildPhase;
			buildActionMask = 2147483647;
			files = (
			);
			runOnlyForDeploymentPostprocessing = 0;
		};
		481D47842EC05FF20050F77E /* Sources */ = {
			isa = PBXSourcesBuildPhase;
			buildActionMask = 2147483647;
			files = (
			);
			runOnlyForDeploymentPostprocessing = 0;
		};
		481D478E2EC05FF20050F77E /* Sources */ = {
			isa = PBXSourcesBuildPhase;
			buildActionMask = 2147483647;
			files = (
			);
			runOnlyForDeploymentPostprocessing = 0;
		};
/* End PBXSourcesBuildPhase section */

/* Begin PBXTargetDependency section */
		481D478A2EC05FF20050F77E /* PBXTargetDependency */ = {
			isa = PBXTargetDependency;
			target = 481D47782EC05FF10050F77E /* MoviePickerApp */;
			targetProxy = 481D47892EC05FF20050F77E /* PBXContainerItemProxy */;
		};
		481D47942EC05FF20050F77E /* PBXTargetDependency */ = {
			isa = PBXTargetDependency;
			target = 481D47782EC05FF10050F77E /* MoviePickerApp */;
			targetProxy = 481D47932EC05FF20050F77E /* PBXContainerItemProxy */;
		};
/* End PBXTargetDependency section */

/* Begin XCBuildConfiguration section */
		481D479A2EC05FF20050F77E /* Debug */ = {
			isa = XCBuildConfiguration;
			buildSettings = {
				ALWAYS_SEARCH_USER_PATHS = NO;
				ASSETCATALOG_COMPILER_GENERATE_SWIFT_ASSET_SYMBOL_EXTENSIONS = YES;
				CLANG_ANALYZER_NONNULL = YES;
				CLANG_ANALYZER_NUMBER_OBJECT_CONVERSION = YES_AGGRESSIVE;
				CLANG_CXX_LANGUAGE_STANDARD = "gnu++20";
				CLANG_ENABLE_MODULES = YES;
				CLANG_ENABLE_OBJC_ARC = YES;
				CLANG_ENABLE_OBJC_WEAK = YES;
				CLANG_WARN_BLOCK_CAPTURE_AUTORELEASING = YES;
				CLANG_WARN_BOOL_CONVERSION = YES;
				CLANG_WARN_COMMA = YES;
				CLANG_WARN_CONSTANT_CONVERSION = YES;
				CLANG_WARN_DEPRECATED_OBJC_IMPLEMENTATIONS = YES;
				CLANG_WARN_DIRECT_OBJC_ISA_USAGE = YES_ERROR;
				CLANG_WARN_DOCUMENTATION_COMMENTS = YES;
				CLANG_WARN_EMPTY_BODY = YES;
				CLANG_WARN_ENUM_CONVERSION = YES;
				CLANG_WARN_INFINITE_RECURSION = YES;
				CLANG_WARN_INT_CONVERSION = YES;
				CLANG_WARN_NON_LITERAL_NULL_CONVERSION = YES;
				CLANG_WARN_OBJC_IMPLICIT_RETAIN_SELF = YES;
				CLANG_WARN_OBJC_LITERAL_CONVERSION = YES;
				CLANG_WARN_OBJC_ROOT_CLASS = YES_ERROR;
				CLANG_WARN_QUOTED_INCLUDE_IN_FRAMEWORK_HEADER = YES;
				CLANG_WARN_RANGE_LOOP_ANALYSIS = YES;
				CLANG_WARN_STRICT_PROTOTYPES = YES;
				CLANG_WARN_SUSPICIOUS_MOVE = YES;
				CLANG_WARN_UNGUARDED_AVAILABILITY = YES_AGGRESSIVE;
				CLANG_WARN_UNREACHABLE_CODE = YES;
				CLANG_WARN__DUPLICATE_METHOD_MATCH = YES;
				COPY_PHASE_STRIP = NO;
				DEBUG_INFORMATION_FORMAT = dwarf;
				DEVELOPMENT_TEAM = T2SZZ9PZ9K;
				ENABLE_STRICT_OBJC_MSGSEND = YES;
				ENABLE_TESTABILITY = YES;
				ENABLE_USER_SCRIPT_SANDBOXING = YES;
				GCC_C_LANGUAGE_STANDARD = gnu17;
				GCC_DYNAMIC_NO_PIC = NO;
				GCC_NO_COMMON_BLOCKS = YES;
				GCC_OPTIMIZATION_LEVEL = 0;
				GCC_PREPROCESSOR_DEFINITIONS = (
					"DEBUG=1",
					"$(inherited)",
				);
				GCC_WARN_64_TO_32_BIT_CONVERSION = YES;
				GCC_WARN_ABOUT_RETURN_TYPE = YES_ERROR;
				GCC_WARN_UNDECLARED_SELECTOR = YES;
				GCC_WARN_UNINITIALIZED_AUTOS = YES_AGGRESSIVE;
				GCC_WARN_UNUSED_FUNCTION = YES;
				GCC_WARN_UNUSED_VARIABLE = YES;
				IPHONEOS_DEPLOYMENT_TARGET = 18.4;
				LOCALIZATION_PREFERS_STRING_CATALOGS = YES;
				MTL_ENABLE_DEBUG_INFO = INCLUDE_SOURCE;
				MTL_FAST_MATH = YES;
				ONLY_ACTIVE_ARCH = YES;
				SDKROOT = iphoneos;
				SWIFT_ACTIVE_COMPILATION_CONDITIONS = "DEBUG $(inherited)";
				SWIFT_OPTIMIZATION_LEVEL = "-Onone";
			};
			name = Debug;
		};
		481D479B2EC05FF20050F77E /* Release */ = {
			isa = XCBuildConfiguration;
			buildSettings = {
				ALWAYS_SEARCH_USER_PATHS = NO;
				ASSETCATALOG_COMPILER_GENERATE_SWIFT_ASSET_SYMBOL_EXTENSIONS = YES;
				CLANG_ANALYZER_NONNULL = YES;
				CLANG_ANALYZER_NUMBER_OBJECT_CONVERSION = YES_AGGRESSIVE;
				CLANG_CXX_LANGUAGE_STANDARD = "gnu++20";
				CLANG_ENABLE_MODULES = YES;
				CLANG_ENABLE_OBJC_ARC = YES;
				CLANG_ENABLE_OBJC_WEAK = YES;
				CLANG_WARN_BLOCK_CAPTURE_AUTORELEASING = YES;
				CLANG_WARN_BOOL_CONVERSION = YES;
				CLANG_WARN_COMMA = YES;
				CLANG_WARN_CONSTANT_CONVERSION = YES;
				CLANG_WARN_DEPRECATED_OBJC_IMPLEMENTATIONS = YES;
				CLANG_WARN_DIRECT_OBJC_ISA_USAGE = YES_ERROR;
				CLANG_WARN_DOCUMENTATION_COMMENTS = YES;
				CLANG_WARN_EMPTY_BODY = YES;
				CLANG_WARN_ENUM_CONVERSION = YES;
				CLANG_WARN_INFINITE_RECURSION = YES;
				CLANG_WARN_INT_CONVERSION = YES;
				CLANG_WARN_NON_LITERAL_NULL_CONVERSION = YES;
				CLANG_WARN_OBJC_IMPLICIT_RETAIN_SELF = YES;
				CLANG_WARN_OBJC_LITERAL_CONVERSION = YES;
				CLANG_WARN_OBJC_ROOT_CLASS = YES_ERROR;
				CLANG_WARN_QUOTED_INCLUDE_IN_FRAMEWORK_HEADER = YES;
				CLANG_WARN_RANGE_LOOP_ANALYSIS = YES;
				CLANG_WARN_STRICT_PROTOTYPES = YES;
				CLANG_WARN_SUSPICIOUS_MOVE = YES;
				CLANG_WARN_UNGUARDED_AVAILABILITY = YES_AGGRESSIVE;
				CLANG_WARN_UNREACHABLE_CODE = YES;
				CLANG_WARN__DUPLICATE_METHOD_MATCH = YES;
				COPY_PHASE_STRIP = NO;
				DEBUG_INFORMATION_FORMAT = "dwarf-with-dsym";
				DEVELOPMENT_TEAM = T2SZZ9PZ9K;
				ENABLE_NS_ASSERTIONS = NO;
				ENABLE_STRICT_OBJC_MSGSEND = YES;
				ENABLE_USER_SCRIPT_SANDBOXING = YES;
				GCC_C_LANGUAGE_STANDARD = gnu17;
				GCC_NO_COMMON_BLOCKS = YES;
				GCC_WARN_64_TO_32_BIT_CONVERSION = YES;
				GCC_WARN_ABOUT_RETURN_TYPE = YES_ERROR;
				GCC_WARN_UNDECLARED_SELECTOR = YES;
				GCC_WARN_UNINITIALIZED_AUTOS = YES_AGGRESSIVE;
				GCC_WARN_UNUSED_FUNCTION = YES;
				GCC_WARN_UNUSED_VARIABLE = YES;
				IPHONEOS_DEPLOYMENT_TARGET = 18.4;
				LOCALIZATION_PREFERS_STRING_CATALOGS = YES;
				MTL_ENABLE_DEBUG_INFO = NO;
				MTL_FAST_MATH = YES;
				SDKROOT = iphoneos;
				SWIFT_COMPILATION_MODE = wholemodule;
				VALIDATE_PRODUCT = YES;
			};
			name = Release;
		};
		481D479D2EC05FF20050F77E /* Debug */ = {
			isa = XCBuildConfiguration;
			baseConfigurationReference = 612643C05E774FEE5257F42A /* Pods-MoviePickerApp.debug.xcconfig */;
			buildSettings = {
				ASSETCATALOG_COMPILER_APPICON_NAME = AppIcon;
				ASSETCATALOG_COMPILER_GLOBAL_ACCENT_COLOR_NAME = AccentColor;
				CODE_SIGN_STYLE = Automatic;
				CURRENT_PROJECT_VERSION = 1;
				DEVELOPMENT_TEAM = T2SZZ9PZ9K;
				ENABLE_PREVIEWS = YES;
				GENERATE_INFOPLIST_FILE = YES;
				INFOPLIST_KEY_UIApplicationSceneManifest_Generation = YES;
				INFOPLIST_KEY_UIApplicationSupportsIndirectInputEvents = YES;
				INFOPLIST_KEY_UILaunchScreen_Generation = YES;
				INFOPLIST_KEY_UISupportedInterfaceOrientations_iPad = "UIInterfaceOrientationPortrait UIInterfaceOrientationPortraitUpsideDown UIInterfaceOrientationLandscapeLeft UIInterfaceOrientationLandscapeRight";
				INFOPLIST_KEY_UISupportedInterfaceOrientations_iPhone = "UIInterfaceOrientationPortrait UIInterfaceOrientationLandscapeLeft UIInterfaceOrientationLandscapeRight";
				LD_RUNPATH_SEARCH_PATHS = (
					"$(inherited)",
					"@executable_path/Frameworks",
				);
				MARKETING_VERSION = 1.0;
				PRODUCT_BUNDLE_IDENTIFIER = com.ResuableXibsProject.MoviePickerApp;
				PRODUCT_NAME = "$(TARGET_NAME)";
				SWIFT_EMIT_LOC_STRINGS = YES;
				SWIFT_VERSION = 5.0;
				TARGETED_DEVICE_FAMILY = "1,2";
			};
			name = Debug;
		};
		481D479E2EC05FF20050F77E /* Release */ = {
			isa = XCBuildConfiguration;
			baseConfigurationReference = CFF8264B38FD32E78E4C3C57 /* Pods-MoviePickerApp.release.xcconfig */;
			buildSettings = {
				ASSETCATALOG_COMPILER_APPICON_NAME = AppIcon;
				ASSETCATALOG_COMPILER_GLOBAL_ACCENT_COLOR_NAME = AccentColor;
				CODE_SIGN_STYLE = Automatic;
				CURRENT_PROJECT_VERSION = 1;
				DEVELOPMENT_TEAM = T2SZZ9PZ9K;
				ENABLE_PREVIEWS = YES;
				GENERATE_INFOPLIST_FILE = YES;
				INFOPLIST_KEY_UIApplicationSceneManifest_Generation = YES;
				INFOPLIST_KEY_UIApplicationSupportsIndirectInputEvents = YES;
				INFOPLIST_KEY_UILaunchScreen_Generation = YES;
				INFOPLIST_KEY_UISupportedInterfaceOrientations_iPad = "UIInterfaceOrientationPortrait UIInterfaceOrientationPortraitUpsideDown UIInterfaceOrientationLandscapeLeft UIInterfaceOrientationLandscapeRight";
				INFOPLIST_KEY_UISupportedInterfaceOrientations_iPhone = "UIInterfaceOrientationPortrait UIInterfaceOrientationLandscapeLeft UIInterfaceOrientationLandscapeRight";
				LD_RUNPATH_SEARCH_PATHS = (
					"$(inherited)",
					"@executable_path/Frameworks",
				);
				MARKETING_VERSION = 1.0;
				PRODUCT_BUNDLE_IDENTIFIER = com.ResuableXibsProject.MoviePickerApp;
				PRODUCT_NAME = "$(TARGET_NAME)";
				SWIFT_EMIT_LOC_STRINGS = YES;
				SWIFT_VERSION = 5.0;
				TARGETED_DEVICE_FAMILY = "1,2";
			};
			name = Release;
		};
		481D47A02EC05FF20050F77E /* Debug */ = {
			isa = XCBuildConfiguration;
			baseConfigurationReference = A8F1351B4A95F7F7332E8571 /* Pods-MoviePickerAppTests.debug.xcconfig */;
			buildSettings = {
				BUNDLE_LOADER = "$(TEST_HOST)";
				CODE_SIGN_STYLE = Automatic;
				CURRENT_PROJECT_VERSION = 1;
				DEVELOPMENT_TEAM = T2SZZ9PZ9K;
				GENERATE_INFOPLIST_FILE = YES;
				IPHONEOS_DEPLOYMENT_TARGET = 18.4;
				MARKETING_VERSION = 1.0;
				PRODUCT_BUNDLE_IDENTIFIER = com.ResuableXibsProject.MoviePickerAppTests;
				PRODUCT_NAME = "$(TARGET_NAME)";
				SWIFT_EMIT_LOC_STRINGS = NO;
				SWIFT_VERSION = 5.0;
				TARGETED_DEVICE_FAMILY = "1,2";
				TEST_HOST = "$(BUILT_PRODUCTS_DIR)/MoviePickerApp.app/$(BUNDLE_EXECUTABLE_FOLDER_PATH)/MoviePickerApp";
			};
			name = Debug;
		};
		481D47A12EC05FF20050F77E /* Release */ = {
			isa = XCBuildConfiguration;
			baseConfigurationReference = 95B57F8C0898CD43C5C7598D /* Pods-MoviePickerAppTests.release.xcconfig */;
			buildSettings = {
				BUNDLE_LOADER = "$(TEST_HOST)";
				CODE_SIGN_STYLE = Automatic;
				CURRENT_PROJECT_VERSION = 1;
				DEVELOPMENT_TEAM = T2SZZ9PZ9K;
				GENERATE_INFOPLIST_FILE = YES;
				IPHONEOS_DEPLOYMENT_TARGET = 18.4;
				MARKETING_VERSION = 1.0;
				PRODUCT_BUNDLE_IDENTIFIER = com.ResuableXibsProject.MoviePickerAppTests;
				PRODUCT_NAME = "$(TARGET_NAME)";
				SWIFT_EMIT_LOC_STRINGS = NO;
				SWIFT_VERSION = 5.0;
				TARGETED_DEVICE_FAMILY = "1,2";
				TEST_HOST = "$(BUILT_PRODUCTS_DIR)/MoviePickerApp.app/$(BUNDLE_EXECUTABLE_FOLDER_PATH)/MoviePickerApp";
			};
			name = Release;
		};
		481D47A32EC05FF20050F77E /* Debug */ = {
			isa = XCBuildConfiguration;
			baseConfigurationReference = 200CB4F1E15D62B74DED7439 /* Pods-MoviePickerAppUITests.debug.xcconfig */;
			buildSettings = {
				CODE_SIGN_STYLE = Automatic;
				CURRENT_PROJECT_VERSION = 1;
				DEVELOPMENT_TEAM = T2SZZ9PZ9K;
				GENERATE_INFOPLIST_FILE = YES;
				MARKETING_VERSION = 1.0;
				PRODUCT_BUNDLE_IDENTIFIER = com.ResuableXibsProject.MoviePickerAppUITests;
				PRODUCT_NAME = "$(TARGET_NAME)";
				SWIFT_EMIT_LOC_STRINGS = NO;
				SWIFT_VERSION = 5.0;
				TARGETED_DEVICE_FAMILY = "1,2";
				TEST_TARGET_NAME = MoviePickerApp;
			};
			name = Debug;
		};
		481D47A42EC05FF20050F77E /* Release */ = {
			isa = XCBuildConfiguration;
			baseConfigurationReference = 0B9858141927D1C23B2E88DD /* Pods-MoviePickerAppUITests.release.xcconfig */;
			buildSettings = {
				CODE_SIGN_STYLE = Automatic;
				CURRENT_PROJECT_VERSION = 1;
				DEVELOPMENT_TEAM = T2SZZ9PZ9K;
				GENERATE_INFOPLIST_FILE = YES;
				MARKETING_VERSION = 1.0;
				PRODUCT_BUNDLE_IDENTIFIER = com.ResuableXibsProject.MoviePickerAppUITests;
				PRODUCT_NAME = "$(TARGET_NAME)";
				SWIFT_EMIT_LOC_STRINGS = NO;
				SWIFT_VERSION = 5.0;
				TARGETED_DEVICE_FAMILY = "1,2";
				TEST_TARGET_NAME = MoviePickerApp;
			};
			name = Release;
		};
/* End XCBuildConfiguration section */

/* Begin XCConfigurationList section */
		481D47742EC05FF10050F77E /* Build configuration list for PBXProject "MoviePickerApp" */ = {
			isa = XCConfigurationList;
			buildConfigurations = (
				481D479A2EC05FF20050F77E /* Debug */,
				481D479B2EC05FF20050F77E /* Release */,
			);
			defaultConfigurationIsVisible = 0;
			defaultConfigurationName = Release;
		};
		481D479C2EC05FF20050F77E /* Build configuration list for PBXNativeTarget "MoviePickerApp" */ = {
			isa = XCConfigurationList;
			buildConfigurations = (
				481D479D2EC05FF20050F77E /* Debug */,
				481D479E2EC05FF20050F77E /* Release */,
			);
			defaultConfigurationIsVisible = 0;
			defaultConfigurationName = Release;
		};
		481D479F2EC05FF20050F77E /* Build configuration list for PBXNativeTarget "MoviePickerAppTests" */ = {
			isa = XCConfigurationList;
			buildConfigurations = (
				481D47A02EC05FF20050F77E /* Debug */,
				481D47A12EC05FF20050F77E /* Release */,
			);
			defaultConfigurationIsVisible = 0;
			defaultConfigurationName = Release;
		};
		481D47A22EC05FF20050F77E /* Build configuration list for PBXNativeTarget "MoviePickerAppUITests" */ = {
			isa = XCConfigurationList;
			buildConfigurations = (
				481D47A32EC05FF20050F77E /* Debug */,
				481D47A42EC05FF20050F77E /* Release */,
			);
			defaultConfigurationIsVisible = 0;
			defaultConfigurationName = Release;
		};
/* End XCConfigurationList section */
	};
	rootObject = 481D47712EC05FF10050F77E /* Project object */;
}
